# THIS IS AN AUTOGENERATED FILE. DO NOT EDIT THIS FILE DIRECTLY.
# yarn lockfile v1


pyright@^1.1.148:
  version "1.1.148"
  resolved "https://registry.yarnpkg.com/pyright/-/pyright-1.1.148.tgz#7b2c14b4e105ccd716fcbf898ae2605a17f97784"
  integrity sha512-cM1Bs/5XSqqfaTfl+zSvXvrq1YMUYOmo2QGBqZ4Cczq0hDo4oJAihzszJONO9H5riTgmEduid5aU3Rpkx+Y/xw==
